# THIS IS AN AUTOGENERATED FILE. DO NOT EDIT THIS FILE DIRECTLY.
# yarn lockfile v1


array-uniq@1.0.2:
  version "1.0.2"
  resolved "https://registry.yarnpkg.com/array-uniq/-/array-uniq-1.0.2.tgz#5fcc373920775723cfd64d65c64bef53bf9eba6d"

chart.js@3.3.0:
  version "3.3.0"
  resolved "https://registry.yarnpkg.com/chart.js/-/chart.js-3.3.0.tgz#c5be3807cf902b19bfe166ef853d786f66a53f8b"
  integrity sha512-3pO3kL2st1Lzhw+HTGvDwcNYWustHwvApM/v7b2td6CrthyEygbPoXaN/iGZfUpfuovZfJ4dy129RCr39BR1Bg==

performance-now@^2.1.0:
  version "2.1.0"
  resolved "https://registry.yarnpkg.com/performance-now/-/performance-now-2.1.0.tgz#6309f4e0e5fa913ec1c69307ae364b4b377c9e7b"

randomstring@^1.1.5:
  version "1.1.5"
  resolved "https://registry.yarnpkg.com/randomstring/-/randomstring-1.1.5.tgz#6df0628f75cbd5932930d9fe3ab4e956a18518c3"
  dependencies:
    array-uniq "1.0.2"
